// !$*UTF8*$!
{
	archiveVersion = 1;
	classes = {
	};
	objectVersion = 56;
	objects = {

/* Begin PBXBuildFile section */
		1E0D58042B15AC0300EAC105 /* Constants.swift in Sources */ = {isa = PBXBuildFile; fileRef = 1E0D58032B15AC0200EAC105 /* Constants.swift */; };
		9A8399572BC75B4700BC8C34 /* ContentView2.swift in Sources */ = {isa = PBXBuildFile; fileRef = 9A8399562BC75B4700BC8C34 /* ContentView2.swift */; };
		9A96FE9D2AB945EC00F67CDA /* Onboarding_1.swift in Sources */ = {isa = PBXBuildFile; fileRef = 9A96FE9C2AB945EC00F67CDA /* Onboarding_1.swift */; };
		9A96FE9F2AB947C800F67CDA /* SignUpView.swift in Sources */ = {isa = PBXBuildFile; fileRef = 9A96FE9E2AB947C800F67CDA /* SignUpView.swift */; };
		9A96FEA12AB94C9700F67CDA /* Onboarding_2.swift in Sources */ = {isa = PBXBuildFile; fileRef = 9A96FEA02AB94C9700F67CDA /* Onboarding_2.swift */; };
		9A96FEA32AB94E0E00F67CDA /* Onboarding_3.swift in Sources */ = {isa = PBXBuildFile; fileRef = 9A96FEA22AB94E0E00F67CDA /* Onboarding_3.swift */; };
		9A96FEA72ABD4F6000F67CDA /* GoogleService-Info.plist in Resources */ = {isa = PBXBuildFile; fileRef = 9A96FEA62ABD4F6000F67CDA /* GoogleService-Info.plist */; };
		9A96FEAA2ABD510100F67CDA /* FirebaseAuth in Frameworks */ = {isa = PBXBuildFile; productRef = 9A96FEA92ABD510100F67CDA /* FirebaseAuth */; };
		9A96FEAC2ABD510100F67CDA /* FirebaseFirestore in Frameworks */ = {isa = PBXBuildFile; productRef = 9A96FEAB2ABD510100F67CDA /* FirebaseFirestore */; };
		9A96FEAE2ABD510100F67CDA /* FirebaseFirestoreSwift in Frameworks */ = {isa = PBXBuildFile; productRef = 9A96FEAD2ABD510100F67CDA /* FirebaseFirestoreSwift */; };
		9A96FEB02ABD55FC00F67CDA /* SignInView.swift in Sources */ = {isa = PBXBuildFile; fileRef = 9A96FEAF2ABD55FC00F67CDA /* SignInView.swift */; };
		9A96FEB22ABD6F7C00F67CDA /* TimesUpOverlayView.swift in Sources */ = {isa = PBXBuildFile; fileRef = 9A96FEB12ABD6F7C00F67CDA /* TimesUpOverlayView.swift */; };
		9A96FEB42ABDAA3600F67CDA /* MainSettingsView.swift in Sources */ = {isa = PBXBuildFile; fileRef = 9A96FEB32ABDAA3600F67CDA /* MainSettingsView.swift */; };
		9A96FEB62ABDB00400F67CDA /* TestView.swift in Sources */ = {isa = PBXBuildFile; fileRef = 9A96FEB52ABDB00400F67CDA /* TestView.swift */; };
		9A96FEB82ABF498800F67CDA /* EditInfoPage.swift in Sources */ = {isa = PBXBuildFile; fileRef = 9A96FEB72ABF498800F67CDA /* EditInfoPage.swift */; };
		9A96FEBA2ABF5DAB00F67CDA /* ChangePasswordView.swift in Sources */ = {isa = PBXBuildFile; fileRef = 9A96FEB92ABF5DAB00F67CDA /* ChangePasswordView.swift */; };
		9A96FEBC2ABF5DCC00F67CDA /* LogoutView.swift in Sources */ = {isa = PBXBuildFile; fileRef = 9A96FEBB2ABF5DCC00F67CDA /* LogoutView.swift */; };
		9A96FEBE2AC82F2C00F67CDA /* CustomNavigationBar.swift in Sources */ = {isa = PBXBuildFile; fileRef = 9A96FEBD2AC82F2C00F67CDA /* CustomNavigationBar.swift */; };
		9AA96FB92ADF68B40060771D /* StyledButton.swift in Sources */ = {isa = PBXBuildFile; fileRef = 9AA96FB82ADF68B40060771D /* StyledButton.swift */; };
		9ABC4F6B2AB04F8F008C6A1D /* MoveMintApp.swift in Sources */ = {isa = PBXBuildFile; fileRef = 9ABC4F6A2AB04F8F008C6A1D /* MoveMintApp.swift */; };
		9ABC4F6D2AB04F8F008C6A1D /* ContentView.swift in Sources */ = {isa = PBXBuildFile; fileRef = 9ABC4F6C2AB04F8F008C6A1D /* ContentView.swift */; };
		9ABC4F6F2AB04F91008C6A1D /* Assets.xcassets in Resources */ = {isa = PBXBuildFile; fileRef = 9ABC4F6E2AB04F91008C6A1D /* Assets.xcassets */; };
		9ABC4F722AB04F91008C6A1D /* Preview Assets.xcassets in Resources */ = {isa = PBXBuildFile; fileRef = 9ABC4F712AB04F91008C6A1D /* Preview Assets.xcassets */; };
		9ABC4F792AB04FBA008C6A1D /* Model.swift in Sources */ = {isa = PBXBuildFile; fileRef = 9ABC4F782AB04FBA008C6A1D /* Model.swift */; };
		9ABC4F7D2AB05615008C6A1D /* AnimatedPicker.swift in Sources */ = {isa = PBXBuildFile; fileRef = 9ABC4F7C2AB05615008C6A1D /* AnimatedPicker.swift */; };
		9ABC4F7F2AB066FB008C6A1D /* ScrollableCalendarView.swift in Sources */ = {isa = PBXBuildFile; fileRef = 9ABC4F7E2AB066FB008C6A1D /* ScrollableCalendarView.swift */; };
		9ABC4F812AB068AE008C6A1D /* MainTabView.swift in Sources */ = {isa = PBXBuildFile; fileRef = 9ABC4F802AB068AE008C6A1D /* MainTabView.swift */; };
		9ABC4F832AB18D0D008C6A1D /* ExercisePage.swift in Sources */ = {isa = PBXBuildFile; fileRef = 9ABC4F822AB18D0D008C6A1D /* ExercisePage.swift */; };
		9ABC4F892AB432C2008C6A1D /* avocado.gif in Resources */ = {isa = PBXBuildFile; fileRef = 9ABC4F882AB432C2008C6A1D /* avocado.gif */; };
		9ABC4F8D2AB435E6008C6A1D /* AvocadoGif.swift in Sources */ = {isa = PBXBuildFile; fileRef = 9ABC4F8C2AB435E6008C6A1D /* AvocadoGif.swift */; };
		9ABC4F8F2AB44C72008C6A1D /* ResetOverlayView.swift in Sources */ = {isa = PBXBuildFile; fileRef = 9ABC4F8E2AB44C72008C6A1D /* ResetOverlayView.swift */; };
		9ABC4F912AB455B5008C6A1D /* SkipOverlayView.swift in Sources */ = {isa = PBXBuildFile; fileRef = 9ABC4F902AB455B5008C6A1D /* SkipOverlayView.swift */; };
		9ABC4F932AB469AB008C6A1D /* FinishedExerciseView.swift in Sources */ = {isa = PBXBuildFile; fileRef = 9ABC4F922AB469AB008C6A1D /* FinishedExerciseView.swift */; };
		9ABC4F952AB46CF2008C6A1D /* ExerciseLog.swift in Sources */ = {isa = PBXBuildFile; fileRef = 9ABC4F942AB46CF2008C6A1D /* ExerciseLog.swift */; };
		9ABC4F972AB46E49008C6A1D /* DateCircleView.swift in Sources */ = {isa = PBXBuildFile; fileRef = 9ABC4F962AB46E49008C6A1D /* DateCircleView.swift */; };
		9ABC4F992AB538A6008C6A1D /* star.gif in Resources */ = {isa = PBXBuildFile; fileRef = 9ABC4F982AB538A5008C6A1D /* star.gif */; };
		9ABC4F9B2AB5390F008C6A1D /* StarGif.swift in Sources */ = {isa = PBXBuildFile; fileRef = 9ABC4F9A2AB5390F008C6A1D /* StarGif.swift */; };
		9ABC4F9D2AB7BA87008C6A1D /* Group11ContainerView.swift in Sources */ = {isa = PBXBuildFile; fileRef = 9ABC4F9C2AB7BA87008C6A1D /* Group11ContainerView.swift */; };
/* End PBXBuildFile section */

/* Begin PBXFileReference section */
		1E0D58032B15AC0200EAC105 /* Constants.swift */ = {isa = PBXFileReference; lastKnownFileType = sourcecode.swift; path = Constants.swift; sourceTree = "<group>"; };
		9A8399562BC75B4700BC8C34 /* ContentView2.swift */ = {isa = PBXFileReference; lastKnownFileType = sourcecode.swift; path = ContentView2.swift; sourceTree = "<group>"; };
		9A96FE9C2AB945EC00F67CDA /* Onboarding_1.swift */ = {isa = PBXFileReference; lastKnownFileType = sourcecode.swift; path = Onboarding_1.swift; sourceTree = "<group>"; };
		9A96FE9E2AB947C800F67CDA /* SignUpView.swift */ = {isa = PBXFileReference; lastKnownFileType = sourcecode.swift; path = SignUpView.swift; sourceTree = "<group>"; };
		9A96FEA02AB94C9700F67CDA /* Onboarding_2.swift */ = {isa = PBXFileReference; lastKnownFileType = sourcecode.swift; path = Onboarding_2.swift; sourceTree = "<group>"; };
		9A96FEA22AB94E0E00F67CDA /* Onboarding_3.swift */ = {isa = PBXFileReference; lastKnownFileType = sourcecode.swift; path = Onboarding_3.swift; sourceTree = "<group>"; };
		9A96FEA62ABD4F6000F67CDA /* GoogleService-Info.plist */ = {isa = PBXFileReference; fileEncoding = 4; lastKnownFileType = text.plist.xml; path = "GoogleService-Info.plist"; sourceTree = "<group>"; };
		9A96FEAF2ABD55FC00F67CDA /* SignInView.swift */ = {isa = PBXFileReference; lastKnownFileType = sourcecode.swift; path = SignInView.swift; sourceTree = "<group>"; };
		9A96FEB12ABD6F7C00F67CDA /* TimesUpOverlayView.swift */ = {isa = PBXFileReference; lastKnownFileType = sourcecode.swift; path = TimesUpOverlayView.swift; sourceTree = "<group>"; };
		9A96FEB32ABDAA3600F67CDA /* MainSettingsView.swift */ = {isa = PBXFileReference; lastKnownFileType = sourcecode.swift; path = MainSettingsView.swift; sourceTree = "<group>"; };
		9A96FEB52ABDB00400F67CDA /* TestView.swift */ = {isa = PBXFileReference; lastKnownFileType = sourcecode.swift; path = TestView.swift; sourceTree = "<group>"; };
		9A96FEB72ABF498800F67CDA /* EditInfoPage.swift */ = {isa = PBXFileReference; lastKnownFileType = sourcecode.swift; path = EditInfoPage.swift; sourceTree = "<group>"; };
		9A96FEB92ABF5DAB00F67CDA /* ChangePasswordView.swift */ = {isa = PBXFileReference; lastKnownFileType = sourcecode.swift; path = ChangePasswordView.swift; sourceTree = "<group>"; };
		9A96FEBB2ABF5DCC00F67CDA /* LogoutView.swift */ = {isa = PBXFileReference; lastKnownFileType = sourcecode.swift; path = LogoutView.swift; sourceTree = "<group>"; };
		9A96FEBD2AC82F2C00F67CDA /* CustomNavigationBar.swift */ = {isa = PBXFileReference; lastKnownFileType = sourcecode.swift; path = CustomNavigationBar.swift; sourceTree = "<group>"; };
		9AA96FB82ADF68B40060771D /* StyledButton.swift */ = {isa = PBXFileReference; lastKnownFileType = sourcecode.swift; path = StyledButton.swift; sourceTree = "<group>"; };
		9ABC4F672AB04F8F008C6A1D /* MoveMint.app */ = {isa = PBXFileReference; explicitFileType = wrapper.application; includeInIndex = 0; path = MoveMint.app; sourceTree = BUILT_PRODUCTS_DIR; };
		9ABC4F6A2AB04F8F008C6A1D /* MoveMintApp.swift */ = {isa = PBXFileReference; lastKnownFileType = sourcecode.swift; path = MoveMintApp.swift; sourceTree = "<group>"; };
		9ABC4F6C2AB04F8F008C6A1D /* ContentView.swift */ = {isa = PBXFileReference; lastKnownFileType = sourcecode.swift; path = ContentView.swift; sourceTree = "<group>"; };
		9ABC4F6E2AB04F91008C6A1D /* Assets.xcassets */ = {isa = PBXFileReference; lastKnownFileType = folder.assetcatalog; path = Assets.xcassets; sourceTree = "<group>"; };
		9ABC4F712AB04F91008C6A1D /* Preview Assets.xcassets */ = {isa = PBXFileReference; lastKnownFileType = folder.assetcatalog; path = "Preview Assets.xcassets"; sourceTree = "<group>"; };
		9ABC4F782AB04FBA008C6A1D /* Model.swift */ = {isa = PBXFileReference; lastKnownFileType = sourcecode.swift; path = Model.swift; sourceTree = "<group>"; };
		9ABC4F7C2AB05615008C6A1D /* AnimatedPicker.swift */ = {isa = PBXFileReference; lastKnownFileType = sourcecode.swift; path = AnimatedPicker.swift; sourceTree = "<group>"; };
		9ABC4F7E2AB066FB008C6A1D /* ScrollableCalendarView.swift */ = {isa = PBXFileReference; lastKnownFileType = sourcecode.swift; path = ScrollableCalendarView.swift; sourceTree = "<group>"; };
		9ABC4F802AB068AE008C6A1D /* MainTabView.swift */ = {isa = PBXFileReference; lastKnownFileType = sourcecode.swift; path = MainTabView.swift; sourceTree = "<group>"; };
		9ABC4F822AB18D0D008C6A1D /* ExercisePage.swift */ = {isa = PBXFileReference; lastKnownFileType = sourcecode.swift; path = ExercisePage.swift; sourceTree = "<group>"; };
		9ABC4F882AB432C2008C6A1D /* avocado.gif */ = {isa = PBXFileReference; lastKnownFileType = image.gif; path = avocado.gif; sourceTree = "<group>"; };
		9ABC4F8C2AB435E6008C6A1D /* AvocadoGif.swift */ = {isa = PBXFileReference; lastKnownFileType = sourcecode.swift; path = AvocadoGif.swift; sourceTree = "<group>"; };
		9ABC4F8E2AB44C72008C6A1D /* ResetOverlayView.swift */ = {isa = PBXFileReference; lastKnownFileType = sourcecode.swift; path = ResetOverlayView.swift; sourceTree = "<group>"; };
		9ABC4F902AB455B5008C6A1D /* SkipOverlayView.swift */ = {isa = PBXFileReference; lastKnownFileType = sourcecode.swift; path = SkipOverlayView.swift; sourceTree = "<group>"; };
		9ABC4F922AB469AB008C6A1D /* FinishedExerciseView.swift */ = {isa = PBXFileReference; lastKnownFileType = sourcecode.swift; path = FinishedExerciseView.swift; sourceTree = "<group>"; };
		9ABC4F942AB46CF2008C6A1D /* ExerciseLog.swift */ = {isa = PBXFileReference; lastKnownFileType = sourcecode.swift; path = ExerciseLog.swift; sourceTree = "<group>"; };
		9ABC4F962AB46E49008C6A1D /* DateCircleView.swift */ = {isa = PBXFileReference; lastKnownFileType = sourcecode.swift; path = DateCircleView.swift; sourceTree = "<group>"; };
		9ABC4F982AB538A5008C6A1D /* star.gif */ = {isa = PBXFileReference; lastKnownFileType = image.gif; path = star.gif; sourceTree = "<group>"; };
		9ABC4F9A2AB5390F008C6A1D /* StarGif.swift */ = {isa = PBXFileReference; lastKnownFileType = sourcecode.swift; path = StarGif.swift; sourceTree = "<group>"; };
		9ABC4F9C2AB7BA87008C6A1D /* Group11ContainerView.swift */ = {isa = PBXFileReference; lastKnownFileType = sourcecode.swift; path = Group11ContainerView.swift; sourceTree = "<group>"; };
/* End PBXFileReference section */

/* Begin PBXFrameworksBuildPhase section */
		9ABC4F642AB04F8F008C6A1D /* Frameworks */ = {
			isa = PBXFrameworksBuildPhase;
			buildActionMask = 2147483647;
			files = (
				9A96FEAA2ABD510100F67CDA /* FirebaseAuth in Frameworks */,
				9A96FEAC2ABD510100F67CDA /* FirebaseFirestore in Frameworks */,
				9A96FEAE2ABD510100F67CDA /* FirebaseFirestoreSwift in Frameworks */,
			);
			runOnlyForDeploymentPostprocessing = 0;
		};
/* End PBXFrameworksBuildPhase section */

/* Begin PBXGroup section */
		1E0D58022B15ABF900EAC105 /* Constants */ = {
			isa = PBXGroup;
			children = (
				9A96FEBD2AC82F2C00F67CDA /* CustomNavigationBar.swift */,
				9AA96FB82ADF68B40060771D /* StyledButton.swift */,
				9ABC4F9A2AB5390F008C6A1D /* StarGif.swift */,
				9ABC4F8C2AB435E6008C6A1D /* AvocadoGif.swift */,
				1E0D58032B15AC0200EAC105 /* Constants.swift */,
			);
			path = Constants;
			sourceTree = "<group>";
		};
		9AA96FB72ADF68A00060771D /* Common */ = {
			isa = PBXGroup;
			children = (
				1E0D58022B15ABF900EAC105 /* Constants */,
			);
			path = Common;
			sourceTree = "<group>";
		};
		9ABC4F5E2AB04F8F008C6A1D = {
			isa = PBXGroup;
			children = (
				9ABC4F692AB04F8F008C6A1D /* MoveMint */,
				9ABC4F682AB04F8F008C6A1D /* Products */,
			);
			sourceTree = "<group>";
		};
		9ABC4F682AB04F8F008C6A1D /* Products */ = {
			isa = PBXGroup;
			children = (
				9ABC4F672AB04F8F008C6A1D /* MoveMint.app */,
			);
			name = Products;
			sourceTree = "<group>";
		};
		9ABC4F692AB04F8F008C6A1D /* MoveMint */ = {
			isa = PBXGroup;
			children = (
				9ABC4F6A2AB04F8F008C6A1D /* MoveMintApp.swift */,
				9A8399562BC75B4700BC8C34 /* ContentView2.swift */,
				9ABC4F6C2AB04F8F008C6A1D /* ContentView.swift */,
				9AA96FB72ADF68A00060771D /* Common */,
				9AF2A2402BC9EB8900BAC2F3 /* Models */,
				9AF2A23E2BC9EAA500BAC2F3 /* Views */,
				9ABC4F6E2AB04F91008C6A1D /* Assets.xcassets */,
				9ABC4F882AB432C2008C6A1D /* avocado.gif */,
				9ABC4F982AB538A5008C6A1D /* star.gif */,
				9ABC4F702AB04F91008C6A1D /* Preview Content */,
				9A96FE9E2AB947C800F67CDA /* SignUpView.swift */,
				9A96FEAF2ABD55FC00F67CDA /* SignInView.swift */,
				9A96FEB32ABDAA3600F67CDA /* MainSettingsView.swift */,
				9A96FEB52ABDB00400F67CDA /* TestView.swift */,
				9A96FEB72ABF498800F67CDA /* EditInfoPage.swift */,
				9A96FEB92ABF5DAB00F67CDA /* ChangePasswordView.swift */,
				9A96FEBB2ABF5DCC00F67CDA /* LogoutView.swift */,
				9A96FEA62ABD4F6000F67CDA /* GoogleService-Info.plist */,
			);
			path = MoveMint;
			sourceTree = "<group>";
		};
		9ABC4F702AB04F91008C6A1D /* Preview Content */ = {
			isa = PBXGroup;
			children = (
				9ABC4F712AB04F91008C6A1D /* Preview Assets.xcassets */,
			);
			path = "Preview Content";
			sourceTree = "<group>";
		};
		9AF2A23D2BC9EA1B00BAC2F3 /* Onboarding */ = {
			isa = PBXGroup;
			children = (
				9A96FE9C2AB945EC00F67CDA /* Onboarding_1.swift */,
				9A96FEA02AB94C9700F67CDA /* Onboarding_2.swift */,
				9A96FEA22AB94E0E00F67CDA /* Onboarding_3.swift */,
			);
			path = Onboarding;
			sourceTree = "<group>";
		};
		9AF2A23E2BC9EAA500BAC2F3 /* Views */ = {
			isa = PBXGroup;
			children = (
				9AF2A23D2BC9EA1B00BAC2F3 /* Onboarding */,
				9AF2A23F2BC9EB0300BAC2F3 /* Exercise */,
			);
			path = Views;
			sourceTree = "<group>";
		};
		9AF2A23F2BC9EB0300BAC2F3 /* Exercise */ = {
			isa = PBXGroup;
			children = (
				9ABC4F802AB068AE008C6A1D /* MainTabView.swift */,
				9ABC4F7C2AB05615008C6A1D /* AnimatedPicker.swift */,
				9ABC4F822AB18D0D008C6A1D /* ExercisePage.swift */,
				9ABC4F9C2AB7BA87008C6A1D /* Group11ContainerView.swift */,
				9ABC4F962AB46E49008C6A1D /* DateCircleView.swift */,
				9ABC4F7E2AB066FB008C6A1D /* ScrollableCalendarView.swift */,
				9ABC4F922AB469AB008C6A1D /* FinishedExerciseView.swift */,
				9ABC4F902AB455B5008C6A1D /* SkipOverlayView.swift */,
				9ABC4F8E2AB44C72008C6A1D /* ResetOverlayView.swift */,
				9A96FEB12ABD6F7C00F67CDA /* TimesUpOverlayView.swift */,
			);
			path = Exercise;
			sourceTree = "<group>";
		};
		9AF2A2402BC9EB8900BAC2F3 /* Models */ = {
			isa = PBXGroup;
			children = (
				9ABC4F782AB04FBA008C6A1D /* Model.swift */,
				9ABC4F942AB46CF2008C6A1D /* ExerciseLog.swift */,
			);
			path = Models;
			sourceTree = "<group>";
		};
/* End PBXGroup section */

/* Begin PBXNativeTarget section */
		9ABC4F662AB04F8F008C6A1D /* MoveMint */ = {
			isa = PBXNativeTarget;
			buildConfigurationList = 9ABC4F752AB04F91008C6A1D /* Build configuration list for PBXNativeTarget "MoveMint" */;
			buildPhases = (
				9ABC4F632AB04F8F008C6A1D /* Sources */,
				9ABC4F642AB04F8F008C6A1D /* Frameworks */,
				9ABC4F652AB04F8F008C6A1D /* Resources */,
			);
			buildRules = (
			);
			dependencies = (
			);
			name = MoveMint;
			packageProductDependencies = (
				9A96FEA92ABD510100F67CDA /* FirebaseAuth */,
				9A96FEAB2ABD510100F67CDA /* FirebaseFirestore */,
				9A96FEAD2ABD510100F67CDA /* FirebaseFirestoreSwift */,
			);
			productName = MoveMint;
			productReference = 9ABC4F672AB04F8F008C6A1D /* MoveMint.app */;
			productType = "com.apple.product-type.application";
		};
/* End PBXNativeTarget section */

/* Begin PBXProject section */
		9ABC4F5F2AB04F8F008C6A1D /* Project object */ = {
			isa = PBXProject;
			attributes = {
				BuildIndependentTargetsInParallel = 1;
				LastSwiftUpdateCheck = 1430;
				LastUpgradeCheck = 1430;
				TargetAttributes = {
					9ABC4F662AB04F8F008C6A1D = {
						CreatedOnToolsVersion = 14.3.1;
					};
				};
			};
			buildConfigurationList = 9ABC4F622AB04F8F008C6A1D /* Build configuration list for PBXProject "MoveMint" */;
			compatibilityVersion = "Xcode 14.0";
			developmentRegion = en;
			hasScannedForEncodings = 0;
			knownRegions = (
				en,
				Base,
			);
			mainGroup = 9ABC4F5E2AB04F8F008C6A1D;
			packageReferences = (
				9A96FEA82ABD510100F67CDA /* XCRemoteSwiftPackageReference "firebase-ios-sdk" */,
			);
			productRefGroup = 9ABC4F682AB04F8F008C6A1D /* Products */;
			projectDirPath = "";
			projectRoot = "";
			targets = (
				9ABC4F662AB04F8F008C6A1D /* MoveMint */,
			);
		};
/* End PBXProject section */

/* Begin PBXResourcesBuildPhase section */
		9ABC4F652AB04F8F008C6A1D /* Resources */ = {
			isa = PBXResourcesBuildPhase;
			buildActionMask = 2147483647;
			files = (
				9ABC4F722AB04F91008C6A1D /* Preview Assets.xcassets in Resources */,
				9ABC4F6F2AB04F91008C6A1D /* Assets.xcassets in Resources */,
				9A96FEA72ABD4F6000F67CDA /* GoogleService-Info.plist in Resources */,
				9ABC4F992AB538A6008C6A1D /* star.gif in Resources */,
				9ABC4F892AB432C2008C6A1D /* avocado.gif in Resources */,
			);
			runOnlyForDeploymentPostprocessing = 0;
		};
/* End PBXResourcesBuildPhase section */

/* Begin PBXSourcesBuildPhase section */
		9ABC4F632AB04F8F008C6A1D /* Sources */ = {
			isa = PBXSourcesBuildPhase;
			buildActionMask = 2147483647;
			files = (
				9A96FEB22ABD6F7C00F67CDA /* TimesUpOverlayView.swift in Sources */,
				9A96FE9D2AB945EC00F67CDA /* Onboarding_1.swift in Sources */,
				9A96FEBC2ABF5DCC00F67CDA /* LogoutView.swift in Sources */,
				9A8399572BC75B4700BC8C34 /* ContentView2.swift in Sources */,
				9A96FEBE2AC82F2C00F67CDA /* CustomNavigationBar.swift in Sources */,
				9ABC4F7D2AB05615008C6A1D /* AnimatedPicker.swift in Sources */,
				1E0D58042B15AC0300EAC105 /* Constants.swift in Sources */,
				9ABC4F792AB04FBA008C6A1D /* Model.swift in Sources */,
				9A96FEB42ABDAA3600F67CDA /* MainSettingsView.swift in Sources */,
				9ABC4F6D2AB04F8F008C6A1D /* ContentView.swift in Sources */,
				9ABC4F832AB18D0D008C6A1D /* ExercisePage.swift in Sources */,
				9A96FEA12AB94C9700F67CDA /* Onboarding_2.swift in Sources */,
				9ABC4F7F2AB066FB008C6A1D /* ScrollableCalendarView.swift in Sources */,
				9ABC4F6B2AB04F8F008C6A1D /* MoveMintApp.swift in Sources */,
				9ABC4F9B2AB5390F008C6A1D /* StarGif.swift in Sources */,
				9ABC4F932AB469AB008C6A1D /* FinishedExerciseView.swift in Sources */,
				9A96FEBA2ABF5DAB00F67CDA /* ChangePasswordView.swift in Sources */,
				9A96FEB82ABF498800F67CDA /* EditInfoPage.swift in Sources */,
				9ABC4F912AB455B5008C6A1D /* SkipOverlayView.swift in Sources */,
				9ABC4F8F2AB44C72008C6A1D /* ResetOverlayView.swift in Sources */,
				9ABC4F9D2AB7BA87008C6A1D /* Group11ContainerView.swift in Sources */,
				9A96FE9F2AB947C800F67CDA /* SignUpView.swift in Sources */,
				9A96FEB02ABD55FC00F67CDA /* SignInView.swift in Sources */,
				9A96FEA32AB94E0E00F67CDA /* Onboarding_3.swift in Sources */,
				9ABC4F8D2AB435E6008C6A1D /* AvocadoGif.swift in Sources */,
				9A96FEB62ABDB00400F67CDA /* TestView.swift in Sources */,
				9ABC4F952AB46CF2008C6A1D /* ExerciseLog.swift in Sources */,
				9ABC4F972AB46E49008C6A1D /* DateCircleView.swift in Sources */,
				9AA96FB92ADF68B40060771D /* StyledButton.swift in Sources */,
				9ABC4F812AB068AE008C6A1D /* MainTabView.swift in Sources */,
			);
			runOnlyForDeploymentPostprocessing = 0;
		};
/* End PBXSourcesBuildPhase section */

/* Begin XCBuildConfiguration section */
		9ABC4F732AB04F91008C6A1D /* Debug */ = {
			isa = XCBuildConfiguration;
			buildSettings = {
				ALWAYS_SEARCH_USER_PATHS = NO;
				CLANG_ANALYZER_NONNULL = YES;
				CLANG_ANALYZER_NUMBER_OBJECT_CONVERSION = YES_AGGRESSIVE;
				CLANG_CXX_LANGUAGE_STANDARD = "gnu++20";
				CLANG_ENABLE_MODULES = YES;
				CLANG_ENABLE_OBJC_ARC = YES;
				CLANG_ENABLE_OBJC_WEAK = YES;
				CLANG_WARN_BLOCK_CAPTURE_AUTORELEASING = YES;
				CLANG_WARN_BOOL_CONVERSION = YES;
				CLANG_WARN_COMMA = YES;
				CLANG_WARN_CONSTANT_CONVERSION = YES;
				CLANG_WARN_DEPRECATED_OBJC_IMPLEMENTATIONS = YES;
				CLANG_WARN_DIRECT_OBJC_ISA_USAGE = YES_ERROR;
				CLANG_WARN_DOCUMENTATION_COMMENTS = YES;
				CLANG_WARN_EMPTY_BODY = YES;
				CLANG_WARN_ENUM_CONVERSION = YES;
				CLANG_WARN_INFINITE_RECURSION = YES;
				CLANG_WARN_INT_CONVERSION = YES;
				CLANG_WARN_NON_LITERAL_NULL_CONVERSION = YES;
				CLANG_WARN_OBJC_IMPLICIT_RETAIN_SELF = YES;
				CLANG_WARN_OBJC_LITERAL_CONVERSION = YES;
				CLANG_WARN_OBJC_ROOT_CLASS = YES_ERROR;
				CLANG_WARN_QUOTED_INCLUDE_IN_FRAMEWORK_HEADER = YES;
				CLANG_WARN_RANGE_LOOP_ANALYSIS = YES;
				CLANG_WARN_STRICT_PROTOTYPES = YES;
				CLANG_WARN_SUSPICIOUS_MOVE = YES;
				CLANG_WARN_UNGUARDED_AVAILABILITY = YES_AGGRESSIVE;
				CLANG_WARN_UNREACHABLE_CODE = YES;
				CLANG_WARN__DUPLICATE_METHOD_MATCH = YES;
				COPY_PHASE_STRIP = NO;
				DEBUG_INFORMATION_FORMAT = dwarf;
				ENABLE_STRICT_OBJC_MSGSEND = YES;
				ENABLE_TESTABILITY = YES;
				GCC_C_LANGUAGE_STANDARD = gnu11;
				GCC_DYNAMIC_NO_PIC = NO;
				GCC_NO_COMMON_BLOCKS = YES;
				GCC_OPTIMIZATION_LEVEL = 0;
				GCC_PREPROCESSOR_DEFINITIONS = (
					"DEBUG=1",
					"$(inherited)",
				);
				GCC_WARN_64_TO_32_BIT_CONVERSION = YES;
				GCC_WARN_ABOUT_RETURN_TYPE = YES_ERROR;
				GCC_WARN_UNDECLARED_SELECTOR = YES;
				GCC_WARN_UNINITIALIZED_AUTOS = YES_AGGRESSIVE;
				GCC_WARN_UNUSED_FUNCTION = YES;
				GCC_WARN_UNUSED_VARIABLE = YES;
				IPHONEOS_DEPLOYMENT_TARGET = 16.4;
				MTL_ENABLE_DEBUG_INFO = INCLUDE_SOURCE;
				MTL_FAST_MATH = YES;
				ONLY_ACTIVE_ARCH = YES;
				SDKROOT = iphoneos;
				SWIFT_ACTIVE_COMPILATION_CONDITIONS = DEBUG;
				SWIFT_OPTIMIZATION_LEVEL = "-Onone";
			};
			name = Debug;
		};
		9ABC4F742AB04F91008C6A1D /* Release */ = {
			isa = XCBuildConfiguration;
			buildSettings = {
				ALWAYS_SEARCH_USER_PATHS = NO;
				CLANG_ANALYZER_NONNULL = YES;
				CLANG_ANALYZER_NUMBER_OBJECT_CONVERSION = YES_AGGRESSIVE;
				CLANG_CXX_LANGUAGE_STANDARD = "gnu++20";
				CLANG_ENABLE_MODULES = YES;
				CLANG_ENABLE_OBJC_ARC = YES;
				CLANG_ENABLE_OBJC_WEAK = YES;
				CLANG_WARN_BLOCK_CAPTURE_AUTORELEASING = YES;
				CLANG_WARN_BOOL_CONVERSION = YES;
				CLANG_WARN_COMMA = YES;
				CLANG_WARN_CONSTANT_CONVERSION = YES;
				CLANG_WARN_DEPRECATED_OBJC_IMPLEMENTATIONS = YES;
				CLANG_WARN_DIRECT_OBJC_ISA_USAGE = YES_ERROR;
				CLANG_WARN_DOCUMENTATION_COMMENTS = YES;
				CLANG_WARN_EMPTY_BODY = YES;
				CLANG_WARN_ENUM_CONVERSION = YES;
				CLANG_WARN_INFINITE_RECURSION = YES;
				CLANG_WARN_INT_CONVERSION = YES;
				CLANG_WARN_NON_LITERAL_NULL_CONVERSION = YES;
				CLANG_WARN_OBJC_IMPLICIT_RETAIN_SELF = YES;
				CLANG_WARN_OBJC_LITERAL_CONVERSION = YES;
				CLANG_WARN_OBJC_ROOT_CLASS = YES_ERROR;
				CLANG_WARN_QUOTED_INCLUDE_IN_FRAMEWORK_HEADER = YES;
				CLANG_WARN_RANGE_LOOP_ANALYSIS = YES;
				CLANG_WARN_STRICT_PROTOTYPES = YES;
				CLANG_WARN_SUSPICIOUS_MOVE = YES;
				CLANG_WARN_UNGUARDED_AVAILABILITY = YES_AGGRESSIVE;
				CLANG_WARN_UNREACHABLE_CODE = YES;
				CLANG_WARN__DUPLICATE_METHOD_MATCH = YES;
				COPY_PHASE_STRIP = NO;
				DEBUG_INFORMATION_FORMAT = "dwarf-with-dsym";
				ENABLE_NS_ASSERTIONS = NO;
				ENABLE_STRICT_OBJC_MSGSEND = YES;
				GCC_C_LANGUAGE_STANDARD = gnu11;
				GCC_NO_COMMON_BLOCKS = YES;
				GCC_WARN_64_TO_32_BIT_CONVERSION = YES;
				GCC_WARN_ABOUT_RETURN_TYPE = YES_ERROR;
				GCC_WARN_UNDECLARED_SELECTOR = YES;
				GCC_WARN_UNINITIALIZED_AUTOS = YES_AGGRESSIVE;
				GCC_WARN_UNUSED_FUNCTION = YES;
				GCC_WARN_UNUSED_VARIABLE = YES;
				IPHONEOS_DEPLOYMENT_TARGET = 16.4;
				MTL_ENABLE_DEBUG_INFO = NO;
				MTL_FAST_MATH = YES;
				SDKROOT = iphoneos;
				SWIFT_COMPILATION_MODE = wholemodule;
				SWIFT_OPTIMIZATION_LEVEL = "-O";
				VALIDATE_PRODUCT = YES;
			};
			name = Release;
		};
		9ABC4F762AB04F91008C6A1D /* Debug */ = {
			isa = XCBuildConfiguration;
			buildSettings = {
				ASSETCATALOG_COMPILER_APPICON_NAME = AppIcon;
				ASSETCATALOG_COMPILER_GLOBAL_ACCENT_COLOR_NAME = AccentColor;
				CODE_SIGN_STYLE = Automatic;
				CURRENT_PROJECT_VERSION = 1;
				DEVELOPMENT_ASSET_PATHS = "\"MoveMint/Preview Content\"";
				DEVELOPMENT_TEAM = 9FKHFCQNJL;
				ENABLE_PREVIEWS = YES;
				GENERATE_INFOPLIST_FILE = YES;
				INFOPLIST_KEY_UIApplicationSceneManifest_Generation = YES;
				INFOPLIST_KEY_UIApplicationSupportsIndirectInputEvents = YES;
				INFOPLIST_KEY_UILaunchScreen_Generation = YES;
				INFOPLIST_KEY_UISupportedInterfaceOrientations_iPad = "UIInterfaceOrientationPortrait UIInterfaceOrientationPortraitUpsideDown UIInterfaceOrientationLandscapeLeft UIInterfaceOrientationLandscapeRight";
				INFOPLIST_KEY_UISupportedInterfaceOrientations_iPhone = "UIInterfaceOrientationPortrait UIInterfaceOrientationLandscapeLeft UIInterfaceOrientationLandscapeRight";
				LD_RUNPATH_SEARCH_PATHS = (
					"$(inherited)",
					"@executable_path/Frameworks",
				);
				MARKETING_VERSION = 1.0;
				PRODUCT_BUNDLE_IDENTIFIER = com.codewithellie.MoveMint;
				PRODUCT_NAME = "$(TARGET_NAME)";
				SWIFT_EMIT_LOC_STRINGS = YES;
				SWIFT_VERSION = 5.0;
				TARGETED_DEVICE_FAMILY = "1,2";
			};
			name = Debug;
		};
		9ABC4F772AB04F91008C6A1D /* Release */ = {
			isa = XCBuildConfiguration;
			buildSettings = {
				ASSETCATALOG_COMPILER_APPICON_NAME = AppIcon;
				ASSETCATALOG_COMPILER_GLOBAL_ACCENT_COLOR_NAME = AccentColor;
				CODE_SIGN_STYLE = Automatic;
				CURRENT_PROJECT_VERSION = 1;
				DEVELOPMENT_ASSET_PATHS = "\"MoveMint/Preview Content\"";
				DEVELOPMENT_TEAM = 9FKHFCQNJL;
				ENABLE_PREVIEWS = YES;
				GENERATE_INFOPLIST_FILE = YES;
				INFOPLIST_KEY_UIApplicationSceneManifest_Generation = YES;
				INFOPLIST_KEY_UIApplicationSupportsIndirectInputEvents = YES;
				INFOPLIST_KEY_UILaunchScreen_Generation = YES;
				INFOPLIST_KEY_UISupportedInterfaceOrientations_iPad = "UIInterfaceOrientationPortrait UIInterfaceOrientationPortraitUpsideDown UIInterfaceOrientationLandscapeLeft UIInterfaceOrientationLandscapeRight";
				INFOPLIST_KEY_UISupportedInterfaceOrientations_iPhone = "UIInterfaceOrientationPortrait UIInterfaceOrientationLandscapeLeft UIInterfaceOrientationLandscapeRight";
				LD_RUNPATH_SEARCH_PATHS = (
					"$(inherited)",
					"@executable_path/Frameworks",
				);
				MARKETING_VERSION = 1.0;
				PRODUCT_BUNDLE_IDENTIFIER = com.codewithellie.MoveMint;
				PRODUCT_NAME = "$(TARGET_NAME)";
				SWIFT_EMIT_LOC_STRINGS = YES;
				SWIFT_VERSION = 5.0;
				TARGETED_DEVICE_FAMILY = "1,2";
			};
			name = Release;
		};
/* End XCBuildConfiguration section */

/* Begin XCConfigurationList section */
		9ABC4F622AB04F8F008C6A1D /* Build configuration list for PBXProject "MoveMint" */ = {
			isa = XCConfigurationList;
			buildConfigurations = (
				9ABC4F732AB04F91008C6A1D /* Debug */,
				9ABC4F742AB04F91008C6A1D /* Release */,
			);
			defaultConfigurationIsVisible = 0;
			defaultConfigurationName = Release;
		};
		9ABC4F752AB04F91008C6A1D /* Build configuration list for PBXNativeTarget "MoveMint" */ = {
			isa = XCConfigurationList;
			buildConfigurations = (
				9ABC4F762AB04F91008C6A1D /* Debug */,
				9ABC4F772AB04F91008C6A1D /* Release */,
			);
			defaultConfigurationIsVisible = 0;
			defaultConfigurationName = Release;
		};
/* End XCConfigurationList section */

/* Begin XCRemoteSwiftPackageReference section */
		9A96FEA82ABD510100F67CDA /* XCRemoteSwiftPackageReference "firebase-ios-sdk" */ = {
			isa = XCRemoteSwiftPackageReference;
			repositoryURL = "https://github.com/firebase/firebase-ios-sdk";
			requirement = {
				kind = upToNextMajorVersion;
				minimumVersion = 10.0.0;
			};
		};
/* End XCRemoteSwiftPackageReference section */

/* Begin XCSwiftPackageProductDependency section */
		9A96FEA92ABD510100F67CDA /* FirebaseAuth */ = {
			isa = XCSwiftPackageProductDependency;
			package = 9A96FEA82ABD510100F67CDA /* XCRemoteSwiftPackageReference "firebase-ios-sdk" */;
			productName = FirebaseAuth;
		};
		9A96FEAB2ABD510100F67CDA /* FirebaseFirestore */ = {
			isa = XCSwiftPackageProductDependency;
			package = 9A96FEA82ABD510100F67CDA /* XCRemoteSwiftPackageReference "firebase-ios-sdk" */;
			productName = FirebaseFirestore;
		};
		9A96FEAD2ABD510100F67CDA /* FirebaseFirestoreSwift */ = {
			isa = XCSwiftPackageProductDependency;
			package = 9A96FEA82ABD510100F67CDA /* XCRemoteSwiftPackageReference "firebase-ios-sdk" */;
			productName = FirebaseFirestoreSwift;
		};
/* End XCSwiftPackageProductDependency section */
	};
	rootObject = 9ABC4F5F2AB04F8F008C6A1D /* Project object */;
}
